
Microsoft Visual Studio Solution File, Format Version 12.00
# Visual Studio 15
VisualStudioVersion = 15.0.27004.2009
MinimumVisualStudioVersion = 10.0.40219.1
Project("{FAE04EC0-301F-11D3-BF4B-00C04F79EFBC}") = "CompartilhaXamarin.Android", "CompartilhaXamarin\CompartilhaXamarin.Android\CompartilhaXamarin.Android.csproj", "{6B056E6E-B658-4ED3-8CB8-21FD9262F597}"
EndProject
Project("{FAE04EC0-301F-11D3-BF4B-00C04F79EFBC}") = "CompartilhaXamarin", "CompartilhaXamarin\CompartilhaXamarin\CompartilhaXamarin.csproj", "{6F6151BE-4CF5-4008-8618-F7F846862D0F}"
EndProject
Project("{FAE04EC0-301F-11D3-BF4B-00C04F79EFBC}") = "CompartilhaXamarin.iOS", "CompartilhaXamarin\CompartilhaXamarin.iOS\CompartilhaXamarin.iOS.csproj", "{289B0D6B-5FBC-4343-84DD-6009B4FC83AF}"
EndProject
Global
	GlobalSection(SolutionConfigurationPlatforms) = preSolution
		Ad-Hoc|Any CPU = Ad-Hoc|Any CPU
		Ad-Hoc|iPhone = Ad-Hoc|iPhone
		Ad-Hoc|iPhoneSimulator = Ad-Hoc|iPhoneSimulator
		AppStore|Any CPU = AppStore|Any CPU
		AppStore|iPhone = AppStore|iPhone
		AppStore|iPhoneSimulator = AppStore|iPhoneSimulator
		Debug|Any CPU = Debug|Any CPU
		Debug|iPhone = Debug|iPhone
		Debug|iPhoneSimulator = Debug|iPhoneSimulator
		Release|Any CPU = Release|Any CPU
		Release|iPhone = Release|iPhone
		Release|iPhoneSimulator = Release|iPhoneSimulator
	EndGlobalSection
	GlobalSection(ProjectConfigurationPlatforms) = postSolution
		{6B056E6E-B658-4ED3-8CB8-21FD9262F597}.Ad-Hoc|Any CPU.ActiveCfg = Release|Any CPU
		{6B056E6E-B658-4ED3-8CB8-21FD9262F597}.Ad-Hoc|Any CPU.Build.0 = Release|Any CPU
		{6B056E6E-B658-4ED3-8CB8-21FD9262F597}.Ad-Hoc|Any CPU.Deploy.0 = Release|Any CPU
		{6B056E6E-B658-4ED3-8CB8-21FD9262F597}.Ad-Hoc|iPhone.ActiveCfg = Release|Any CPU
		{6B056E6E-B658-4ED3-8CB8-21FD9262F597}.Ad-Hoc|iPhone.Build.0 = Release|Any CPU
		{6B056E6E-B658-4ED3-8CB8-21FD9262F597}.Ad-Hoc|iPhone.Deploy.0 = Release|Any CPU
		{6B056E6E-B658-4ED3-8CB8-21FD9262F597}.Ad-Hoc|iPhoneSimulator.ActiveCfg = Release|Any CPU
		{6B056E6E-B658-4ED3-8CB8-21FD9262F597}.Ad-Hoc|iPhoneSimulator.Build.0 = Release|Any CPU
		{6B056E6E-B658-4ED3-8CB8-21FD9262F597}.Ad-Hoc|iPhoneSimulator.Deploy.0 = Release|Any CPU
		{6B056E6E-B658-4ED3-8CB8-21FD9262F597}.AppStore|Any CPU.ActiveCfg = Release|Any CPU
		{6B056E6E-B658-4ED3-8CB8-21FD9262F597}.AppStore|Any CPU.Build.0 = Release|Any CPU
		{6B056E6E-B658-4ED3-8CB8-21FD9262F597}.AppStore|Any CPU.Deploy.0 = Release|Any CPU
		{6B056E6E-B658-4ED3-8CB8-21FD9262F597}.AppStore|iPhone.ActiveCfg = Release|Any CPU
		{6B056E6E-B658-4ED3-8CB8-21FD9262F597}.AppStore|iPhone.Build.0 = Release|Any CPU
		{6B056E6E-B658-4ED3-8CB8-21FD9262F597}.AppStore|iPhone.Deploy.0 = Release|Any CPU
		{6B056E6E-B658-4ED3-8CB8-21FD9262F597}.AppStore|iPhoneSimulator.ActiveCfg = Release|Any CPU
		{6B056E6E-B658-4ED3-8CB8-21FD9262F597}.AppStore|iPhoneSimulator.Build.0 = Release|Any CPU
		{6B056E6E-B658-4ED3-8CB8-21FD9262F597}.AppStore|iPhoneSimulator.Deploy.0 = Release|Any CPU
		{6B056E6E-B658-4ED3-8CB8-21FD9262F597}.Debug|Any CPU.ActiveCfg = Debug|Any CPU
		{6B056E6E-B658-4ED3-8CB8-21FD9262F597}.Debug|Any CPU.Build.0 = Debug|Any CPU
		{6B056E6E-B658-4ED3-8CB8-21FD9262F597}.Debug|Any CPU.Deploy.0 = Debug|Any CPU
		{6B056E6E-B658-4ED3-8CB8-21FD9262F597}.Debug|iPhone.ActiveCfg = Debug|Any CPU
		{6B056E6E-B658-4ED3-8CB8-21FD9262F597}.Debug|iPhone.Build.0 = Debug|Any CPU
		{6B056E6E-B658-4ED3-8CB8-21FD9262F597}.Debug|iPhone.Deploy.0 = Debug|Any CPU
		{6B056E6E-B658-4ED3-8CB8-21FD9262F597}.Debug|iPhoneSimulator.ActiveCfg = Debug|Any CPU
		{6B056E6E-B658-4ED3-8CB8-21FD9262F597}.Debug|iPhoneSimulator.Build.0 = Debug|Any CPU
		{6B056E6E-B658-4ED3-8CB8-21FD9262F597}.Debug|iPhoneSimulator.Deploy.0 = Debug|Any CPU
		{6B056E6E-B658-4ED3-8CB8-21FD9262F597}.Release|Any CPU.ActiveCfg = Release|Any CPU
		{6B056E6E-B658-4ED3-8CB8-21FD9262F597}.Release|Any CPU.Build.0 = Release|Any CPU
		{6B056E6E-B658-4ED3-8CB8-21FD9262F597}.Release|Any CPU.Deploy.0 = Release|Any CPU
		{6B056E6E-B658-4ED3-8CB8-21FD9262F597}.Release|iPhone.ActiveCfg = Release|Any CPU
		{6B056E6E-B658-4ED3-8CB8-21FD9262F597}.Release|iPhone.Build.0 = Release|Any CPU
		{6B056E6E-B658-4ED3-8CB8-21FD9262F597}.Release|iPhone.Deploy.0 = Release|Any CPU
		{6B056E6E-B658-4ED3-8CB8-21FD9262F597}.Release|iPhoneSimulator.ActiveCfg = Release|Any CPU
		{6B056E6E-B658-4ED3-8CB8-21FD9262F597}.Release|iPhoneSimulator.Build.0 = Release|Any CPU
		{6B056E6E-B658-4ED3-8CB8-21FD9262F597}.Release|iPhoneSimulator.Deploy.0 = Release|Any CPU
		{6F6151BE-4CF5-4008-8618-F7F846862D0F}.Ad-Hoc|Any CPU.ActiveCfg = Release|Any CPU
		{6F6151BE-4CF5-4008-8618-F7F846862D0F}.Ad-Hoc|Any CPU.Build.0 = Release|Any CPU
		{6F6151BE-4CF5-4008-8618-F7F846862D0F}.Ad-Hoc|iPhone.ActiveCfg = Release|Any CPU
		{6F6151BE-4CF5-4008-8618-F7F846862D0F}.Ad-Hoc|iPhone.Build.0 = Release|Any CPU
		{6F6151BE-4CF5-4008-8618-F7F846862D0F}.Ad-Hoc|iPhoneSimulator.ActiveCfg = Release|Any CPU
		{6F6151BE-4CF5-4008-8618-F7F846862D0F}.Ad-Hoc|iPhoneSimulator.Build.0 = Release|Any CPU
		{6F6151BE-4CF5-4008-8618-F7F846862D0F}.AppStore|Any CPU.ActiveCfg = Release|Any CPU
		{6F6151BE-4CF5-4008-8618-F7F846862D0F}.AppStore|Any CPU.Build.0 = Release|Any CPU
		{6F6151BE-4CF5-4008-8618-F7F846862D0F}.AppStore|iPhone.ActiveCfg = Release|Any CPU
		{6F6151BE-4CF5-4008-8618-F7F846862D0F}.AppStore|iPhone.Build.0 = Release|Any CPU
		{6F6151BE-4CF5-4008-8618-F7F846862D0F}.AppStore|iPhoneSimulator.ActiveCfg = Release|Any CPU
		{6F6151BE-4CF5-4008-8618-F7F846862D0F}.AppStore|iPhoneSimulator.Build.0 = Release|Any CPU
		{6F6151BE-4CF5-4008-8618-F7F846862D0F}.Debug|Any CPU.ActiveCfg = Debug|Any CPU
		{6F6151BE-4CF5-4008-8618-F7F846862D0F}.Debug|Any CPU.Build.0 = Debug|Any CPU
		{6F6151BE-4CF5-4008-8618-F7F846862D0F}.Debug|iPhone.ActiveCfg = Debug|Any CPU
		{6F6151BE-4CF5-4008-8618-F7F846862D0F}.Debug|iPhone.Build.0 = Debug|Any CPU
		{6F6151BE-4CF5-4008-8618-F7F846862D0F}.Debug|iPhoneSimulator.ActiveCfg = Debug|Any CPU
		{6F6151BE-4CF5-4008-8618-F7F846862D0F}.Debug|iPhoneSimulator.Build.0 = Debug|Any CPU
		{6F6151BE-4CF5-4008-8618-F7F846862D0F}.Release|Any CPU.ActiveCfg = Release|Any CPU
		{6F6151BE-4CF5-4008-8618-F7F846862D0F}.Release|Any CPU.Build.0 = Release|Any CPU
		{6F6151BE-4CF5-4008-8618-F7F846862D0F}.Release|iPhone.ActiveCfg = Release|Any CPU
		{6F6151BE-4CF5-4008-8618-F7F846862D0F}.Release|iPhone.Build.0 = Release|Any CPU
		{6F6151BE-4CF5-4008-8618-F7F846862D0F}.Release|iPhoneSimulator.ActiveCfg = Release|Any CPU
		{6F6151BE-4CF5-4008-8618-F7F846862D0F}.Release|iPhoneSimulator.Build.0 = Release|Any CPU
		{289B0D6B-5FBC-4343-84DD-6009B4FC83AF}.Ad-Hoc|Any CPU.ActiveCfg = Ad-Hoc|iPhoneSimulator
		{289B0D6B-5FBC-4343-84DD-6009B4FC83AF}.Ad-Hoc|iPhone.ActiveCfg = Ad-Hoc|iPhone
		{289B0D6B-5FBC-4343-84DD-6009B4FC83AF}.Ad-Hoc|iPhone.Build.0 = Ad-Hoc|iPhone
		{289B0D6B-5FBC-4343-84DD-6009B4FC83AF}.Ad-Hoc|iPhoneSimulator.ActiveCfg = Ad-Hoc|iPhoneSimulator
		{289B0D6B-5FBC-4343-84DD-6009B4FC83AF}.Ad-Hoc|iPhoneSimulator.Build.0 = Ad-Hoc|iPhoneSimulator
		{289B0D6B-5FBC-4343-84DD-6009B4FC83AF}.AppStore|Any CPU.ActiveCfg = AppStore|iPhoneSimulator
		{289B0D6B-5FBC-4343-84DD-6009B4FC83AF}.AppStore|iPhone.ActiveCfg = AppStore|iPhone
		{289B0D6B-5FBC-4343-84DD-6009B4FC83AF}.AppStore|iPhone.Build.0 = AppStore|iPhone
		{289B0D6B-5FBC-4343-84DD-6009B4FC83AF}.AppStore|iPhoneSimulator.ActiveCfg = AppStore|iPhoneSimulator
		{289B0D6B-5FBC-4343-84DD-6009B4FC83AF}.AppStore|iPhoneSimulator.Build.0 = AppStore|iPhoneSimulator
		{289B0D6B-5FBC-4343-84DD-6009B4FC83AF}.Debug|Any CPU.ActiveCfg = Debug|iPhoneSimulator
		{289B0D6B-5FBC-4343-84DD-6009B4FC83AF}.Debug|iPhone.ActiveCfg = Debug|iPhone
		{289B0D6B-5FBC-4343-84DD-6009B4FC83AF}.Debug|iPhone.Build.0 = Debug|iPhone
		{289B0D6B-5FBC-4343-84DD-6009B4FC83AF}.Debug|iPhoneSimulator.ActiveCfg = Debug|iPhoneSimulator
		{289B0D6B-5FBC-4343-84DD-6009B4FC83AF}.Debug|iPhoneSimulator.Build.0 = Debug|iPhoneSimulator
		{289B0D6B-5FBC-4343-84DD-6009B4FC83AF}.Release|Any CPU.ActiveCfg = Release|iPhoneSimulator
		{289B0D6B-5FBC-4343-84DD-6009B4FC83AF}.Release|iPhone.ActiveCfg = Release|iPhone
		{289B0D6B-5FBC-4343-84DD-6009B4FC83AF}.Release|iPhone.Build.0 = Release|iPhone
		{289B0D6B-5FBC-4343-84DD-6009B4FC83AF}.Release|iPhoneSimulator.ActiveCfg = Release|iPhoneSimulator
		{289B0D6B-5FBC-4343-84DD-6009B4FC83AF}.Release|iPhoneSimulator.Build.0 = Release|iPhoneSimulator
	EndGlobalSection
	GlobalSection(SolutionProperties) = preSolution
		HideSolutionNode = FALSE
	EndGlobalSection
	GlobalSection(ExtensibilityGlobals) = postSolution
		SolutionGuid = {824C64E1-7B97-43DB-8000-EC2BC4961D0B}
	EndGlobalSection
EndGlobal
